
Microsoft Visual Studio Solution File, Format Version 12.00
# Visual Studio 15
Project("{FAE04EC0-301F-11D3-BF4B-00C04F79EFBC}") = "CumejaRing.Android", "CumejaRing.Android\CumejaRing.Android.csproj", "{4734EC70-0103-4E51-986B-D44152CAA5FA}"
EndProject
Project("{FAE04EC0-301F-11D3-BF4B-00C04F79EFBC}") = "CumejaRing.iOS", "CumejaRing.iOS\CumejaRing.iOS.csproj", "{777CFC7A-45CD-4D56-8226-03498ACB2244}"
EndProject
Project("{FAE04EC0-301F-11D3-BF4B-00C04F79EFBC}") = "CumejaRing", "CumejaRing\CumejaRing.csproj", "{D3F4398A-C0DC-41CE-8FF6-8F09C96B0F91}"
EndProject
Project("{FAE04EC0-301F-11D3-BF4B-00C04F79EFBC}") = "InceptiumAPI", "..\..\InceptiumAPI\InceptiumAPI.csproj", "{818AFC79-02C0-4B5B-9D57-485FE1CC3D8D}"
EndProject
Global
	GlobalSection(SolutionConfigurationPlatforms) = preSolution
		Debug|Any CPU = Debug|Any CPU
		Release|Any CPU = Release|Any CPU
		Debug|iPhoneSimulator = Debug|iPhoneSimulator
		Release|iPhoneSimulator = Release|iPhoneSimulator
		Debug|iPhone = Debug|iPhone
		Release|iPhone = Release|iPhone
	EndGlobalSection
	GlobalSection(ProjectConfigurationPlatforms) = postSolution
		{4734EC70-0103-4E51-986B-D44152CAA5FA}.Debug|Any CPU.ActiveCfg = Debug|Any CPU
		{4734EC70-0103-4E51-986B-D44152CAA5FA}.Debug|Any CPU.Build.0 = Debug|Any CPU
		{4734EC70-0103-4E51-986B-D44152CAA5FA}.Release|Any CPU.ActiveCfg = Release|Any CPU
		{4734EC70-0103-4E51-986B-D44152CAA5FA}.Release|Any CPU.Build.0 = Release|Any CPU
		{4734EC70-0103-4E51-986B-D44152CAA5FA}.Debug|iPhoneSimulator.ActiveCfg = Debug|Any CPU
		{4734EC70-0103-4E51-986B-D44152CAA5FA}.Debug|iPhoneSimulator.Build.0 = Debug|Any CPU
		{4734EC70-0103-4E51-986B-D44152CAA5FA}.Release|iPhoneSimulator.ActiveCfg = Release|Any CPU
		{4734EC70-0103-4E51-986B-D44152CAA5FA}.Release|iPhoneSimulator.Build.0 = Release|Any CPU
		{4734EC70-0103-4E51-986B-D44152CAA5FA}.Debug|iPhone.ActiveCfg = Debug|Any CPU
		{4734EC70-0103-4E51-986B-D44152CAA5FA}.Debug|iPhone.Build.0 = Debug|Any CPU
		{4734EC70-0103-4E51-986B-D44152CAA5FA}.Release|iPhone.ActiveCfg = Release|Any CPU
		{4734EC70-0103-4E51-986B-D44152CAA5FA}.Release|iPhone.Build.0 = Release|Any CPU
		{777CFC7A-45CD-4D56-8226-03498ACB2244}.Debug|Any CPU.ActiveCfg = Debug|iPhoneSimulator
		{777CFC7A-45CD-4D56-8226-03498ACB2244}.Debug|Any CPU.Build.0 = Debug|iPhoneSimulator
		{777CFC7A-45CD-4D56-8226-03498ACB2244}.Release|Any CPU.ActiveCfg = Release|iPhoneSimulator
		{777CFC7A-45CD-4D56-8226-03498ACB2244}.Release|Any CPU.Build.0 = Release|iPhoneSimulator
		{777CFC7A-45CD-4D56-8226-03498ACB2244}.Debug|iPhoneSimulator.ActiveCfg = Debug|iPhoneSimulator
		{777CFC7A-45CD-4D56-8226-03498ACB2244}.Debug|iPhoneSimulator.Build.0 = Debug|iPhoneSimulator
		{777CFC7A-45CD-4D56-8226-03498ACB2244}.Release|iPhoneSimulator.ActiveCfg = Release|iPhoneSimulator
		{777CFC7A-45CD-4D56-8226-03498ACB2244}.Release|iPhoneSimulator.Build.0 = Release|iPhoneSimulator
		{777CFC7A-45CD-4D56-8226-03498ACB2244}.Debug|iPhone.ActiveCfg = Debug|iPhone
		{777CFC7A-45CD-4D56-8226-03498ACB2244}.Debug|iPhone.Build.0 = Debug|iPhone
		{777CFC7A-45CD-4D56-8226-03498ACB2244}.Release|iPhone.ActiveCfg = Release|iPhone
		{777CFC7A-45CD-4D56-8226-03498ACB2244}.Release|iPhone.Build.0 = Release|iPhone
		{D3F4398A-C0DC-41CE-8FF6-8F09C96B0F91}.Debug|Any CPU.ActiveCfg = Debug|Any CPU
		{D3F4398A-C0DC-41CE-8FF6-8F09C96B0F91}.Debug|Any CPU.Build.0 = Debug|Any CPU
		{D3F4398A-C0DC-41CE-8FF6-8F09C96B0F91}.Release|Any CPU.ActiveCfg = Release|Any CPU
		{D3F4398A-C0DC-41CE-8FF6-8F09C96B0F91}.Release|Any CPU.Build.0 = Release|Any CPU
		{D3F4398A-C0DC-41CE-8FF6-8F09C96B0F91}.Debug|iPhoneSimulator.ActiveCfg = Debug|Any CPU
		{D3F4398A-C0DC-41CE-8FF6-8F09C96B0F91}.Debug|iPhoneSimulator.Build.0 = Debug|Any CPU
		{D3F4398A-C0DC-41CE-8FF6-8F09C96B0F91}.Release|iPhoneSimulator.ActiveCfg = Release|Any CPU
		{D3F4398A-C0DC-41CE-8FF6-8F09C96B0F91}.Release|iPhoneSimulator.Build.0 = Release|Any CPU
		{D3F4398A-C0DC-41CE-8FF6-8F09C96B0F91}.Debug|iPhone.ActiveCfg = Debug|Any CPU
		{D3F4398A-C0DC-41CE-8FF6-8F09C96B0F91}.Debug|iPhone.Build.0 = Debug|Any CPU
		{D3F4398A-C0DC-41CE-8FF6-8F09C96B0F91}.Release|iPhone.ActiveCfg = Release|Any CPU
		{D3F4398A-C0DC-41CE-8FF6-8F09C96B0F91}.Release|iPhone.Build.0 = Release|Any CPU
		{818AFC79-02C0-4B5B-9D57-485FE1CC3D8D}.Debug|Any CPU.ActiveCfg = Debug|Any CPU
		{818AFC79-02C0-4B5B-9D57-485FE1CC3D8D}.Debug|Any CPU.Build.0 = Debug|Any CPU
		{818AFC79-02C0-4B5B-9D57-485FE1CC3D8D}.Release|Any CPU.ActiveCfg = Release|Any CPU
		{818AFC79-02C0-4B5B-9D57-485FE1CC3D8D}.Release|Any CPU.Build.0 = Release|Any CPU
		{818AFC79-02C0-4B5B-9D57-485FE1CC3D8D}.Debug|iPhoneSimulator.ActiveCfg = Debug|Any CPU
		{818AFC79-02C0-4B5B-9D57-485FE1CC3D8D}.Debug|iPhoneSimulator.Build.0 = Debug|Any CPU
		{818AFC79-02C0-4B5B-9D57-485FE1CC3D8D}.Release|iPhoneSimulator.ActiveCfg = Release|Any CPU
		{818AFC79-02C0-4B5B-9D57-485FE1CC3D8D}.Release|iPhoneSimulator.Build.0 = Release|Any CPU
		{818AFC79-02C0-4B5B-9D57-485FE1CC3D8D}.Debug|iPhone.ActiveCfg = Debug|Any CPU
		{818AFC79-02C0-4B5B-9D57-485FE1CC3D8D}.Debug|iPhone.Build.0 = Debug|Any CPU
		{818AFC79-02C0-4B5B-9D57-485FE1CC3D8D}.Release|iPhone.ActiveCfg = Release|Any CPU
		{818AFC79-02C0-4B5B-9D57-485FE1CC3D8D}.Release|iPhone.Build.0 = Release|Any CPU
	EndGlobalSection
EndGlobal
